// !$*UTF8*$!
{
	archiveVersion = 1;
	classes = {
	};
	objectVersion = 50;
	objects = {

/* Begin PBXBuildFile section */
		844835E924EC156F00E4E2A2 /* AppDelegate.swift in Sources */ = {isa = PBXBuildFile; fileRef = 844835E824EC156F00E4E2A2 /* AppDelegate.swift */; };
		844835EB24EC156F00E4E2A2 /* SceneDelegate.swift in Sources */ = {isa = PBXBuildFile; fileRef = 844835EA24EC156F00E4E2A2 /* SceneDelegate.swift */; };
		844835ED24EC156F00E4E2A2 /* ViewController.swift in Sources */ = {isa = PBXBuildFile; fileRef = 844835EC24EC156F00E4E2A2 /* ViewController.swift */; };
		844835F024EC156F00E4E2A2 /* Main.storyboard in Resources */ = {isa = PBXBuildFile; fileRef = 844835EE24EC156F00E4E2A2 /* Main.storyboard */; };
		844835F324EC156F00E4E2A2 /* Core_Data_Persistence.xcdatamodeld in Sources */ = {isa = PBXBuildFile; fileRef = 844835F124EC156F00E4E2A2 /* Core_Data_Persistence.xcdatamodeld */; };
		844835F524EC157000E4E2A2 /* Assets.xcassets in Resources */ = {isa = PBXBuildFile; fileRef = 844835F424EC157000E4E2A2 /* Assets.xcassets */; };
		844835F824EC157000E4E2A2 /* LaunchScreen.storyboard in Resources */ = {isa = PBXBuildFile; fileRef = 844835F624EC157000E4E2A2 /* LaunchScreen.storyboard */; };
/* End PBXBuildFile section */

/* Begin PBXFileReference section */
		844835E524EC156F00E4E2A2 /* Core Data Persistence.app */ = {isa = PBXFileReference; explicitFileType = wrapper.application; includeInIndex = 0; path = "Core Data Persistence.app"; sourceTree = BUILT_PRODUCTS_DIR; };
		844835E824EC156F00E4E2A2 /* AppDelegate.swift */ = {isa = PBXFileReference; lastKnownFileType = sourcecode.swift; path = AppDelegate.swift; sourceTree = "<group>"; };
		844835EA24EC156F00E4E2A2 /* SceneDelegate.swift */ = {isa = PBXFileReference; lastKnownFileType = sourcecode.swift; path = SceneDelegate.swift; sourceTree = "<group>"; };
		844835EC24EC156F00E4E2A2 /* ViewController.swift */ = {isa = PBXFileReference; lastKnownFileType = sourcecode.swift; path = ViewController.swift; sourceTree = "<group>"; };
		844835EF24EC156F00E4E2A2 /* Base */ = {isa = PBXFileReference; lastKnownFileType = file.storyboard; name = Base; path = Base.lproj/Main.storyboard; sourceTree = "<group>"; };
		844835F224EC156F00E4E2A2 /* Core_Data_Persistence.xcdatamodel */ = {isa = PBXFileReference; lastKnownFileType = wrapper.xcdatamodel; path = Core_Data_Persistence.xcdatamodel; sourceTree = "<group>"; };
		844835F424EC157000E4E2A2 /* Assets.xcassets */ = {isa = PBXFileReference; lastKnownFileType = folder.assetcatalog; path = Assets.xcassets; sourceTree = "<group>"; };
		844835F724EC157000E4E2A2 /* Base */ = {isa = PBXFileReference; lastKnownFileType = file.storyboard; name = Base; path = Base.lproj/LaunchScreen.storyboard; sourceTree = "<group>"; };
		844835F924EC157000E4E2A2 /* Info.plist */ = {isa = PBXFileReference; lastKnownFileType = text.plist.xml; path = Info.plist; sourceTree = "<group>"; };
/* End PBXFileReference section */

/* Begin PBXFrameworksBuildPhase section */
		844835E224EC156F00E4E2A2 /* Frameworks */ = {
			isa = PBXFrameworksBuildPhase;
			buildActionMask = 2147483647;
			files = (
			);
			runOnlyForDeploymentPostprocessing = 0;
		};
/* End PBXFrameworksBuildPhase section */

/* Begin PBXGroup section */
		844835DC24EC156F00E4E2A2 = {
			isa = PBXGroup;
			children = (
				844835E724EC156F00E4E2A2 /* Core Data Persistence */,
				844835E624EC156F00E4E2A2 /* Products */,
			);
			sourceTree = "<group>";
		};
		844835E624EC156F00E4E2A2 /* Products */ = {
			isa = PBXGroup;
			children = (
				844835E524EC156F00E4E2A2 /* Core Data Persistence.app */,
			);
			name = Products;
			sourceTree = "<group>";
		};
		844835E724EC156F00E4E2A2 /* Core Data Persistence */ = {
			isa = PBXGroup;
			children = (
				844835E824EC156F00E4E2A2 /* AppDelegate.swift */,
				844835EA24EC156F00E4E2A2 /* SceneDelegate.swift */,
				844835EC24EC156F00E4E2A2 /* ViewController.swift */,
				844835EE24EC156F00E4E2A2 /* Main.storyboard */,
				844835F424EC157000E4E2A2 /* Assets.xcassets */,
				844835F624EC157000E4E2A2 /* LaunchScreen.storyboard */,
				844835F924EC157000E4E2A2 /* Info.plist */,
				844835F124EC156F00E4E2A2 /* Core_Data_Persistence.xcdatamodeld */,
			);
			path = "Core Data Persistence";
			sourceTree = "<group>";
		};
/* End PBXGroup section */

/* Begin PBXNativeTarget section */
		844835E424EC156F00E4E2A2 /* Core Data Persistence */ = {
			isa = PBXNativeTarget;
			buildConfigurationList = 844835FC24EC157000E4E2A2 /* Build configuration list for PBXNativeTarget "Core Data Persistence" */;
			buildPhases = (
				844835E124EC156F00E4E2A2 /* Sources */,
				844835E224EC156F00E4E2A2 /* Frameworks */,
				844835E324EC156F00E4E2A2 /* Resources */,
			);
			buildRules = (
			);
			dependencies = (
			);
			name = "Core Data Persistence";
			productName = "Core Data Persistence";
			productReference = 844835E524EC156F00E4E2A2 /* Core Data Persistence.app */;
			productType = "com.apple.product-type.application";
		};
/* End PBXNativeTarget section */

/* Begin PBXProject section */
		844835DD24EC156F00E4E2A2 /* Project object */ = {
			isa = PBXProject;
			attributes = {
				LastSwiftUpdateCheck = 1160;
				LastUpgradeCheck = 1160;
				ORGANIZATIONNAME = Admin;
				TargetAttributes = {
					844835E424EC156F00E4E2A2 = {
						CreatedOnToolsVersion = 11.6;
					};
				};
			};
			buildConfigurationList = 844835E024EC156F00E4E2A2 /* Build configuration list for PBXProject "Core Data Persistence" */;
			compatibilityVersion = "Xcode 9.3";
			developmentRegion = en;
			hasScannedForEncodings = 0;
			knownRegions = (
				en,
				Base,
			);
			mainGroup = 844835DC24EC156F00E4E2A2;
			productRefGroup = 844835E624EC156F00E4E2A2 /* Products */;
			projectDirPath = "";
			projectRoot = "";
			targets = (
				844835E424EC156F00E4E2A2 /* Core Data Persistence */,
			);
		};
/* End PBXProject section */

/* Begin PBXResourcesBuildPhase section */
		844835E324EC156F00E4E2A2 /* Resources */ = {
			isa = PBXResourcesBuildPhase;
			buildActionMask = 2147483647;
			files = (
				844835F824EC157000E4E2A2 /* LaunchScreen.storyboard in Resources */,
				844835F524EC157000E4E2A2 /* Assets.xcassets in Resources */,
				844835F024EC156F00E4E2A2 /* Main.storyboard in Resources */,
			);
			runOnlyForDeploymentPostprocessing = 0;
		};
/* End PBXResourcesBuildPhase section */

/* Begin PBXSourcesBuildPhase section */
		844835E124EC156F00E4E2A2 /* Sources */ = {
			isa = PBXSourcesBuildPhase;
			buildActionMask = 2147483647;
			files = (
				844835F324EC156F00E4E2A2 /* Core_Data_Persistence.xcdatamodeld in Sources */,
				844835ED24EC156F00E4E2A2 /* ViewController.swift in Sources */,
				844835E924EC156F00E4E2A2 /* AppDelegate.swift in Sources */,
				844835EB24EC156F00E4E2A2 /* SceneDelegate.swift in Sources */,
			);
			runOnlyForDeploymentPostprocessing = 0;
		};
/* End PBXSourcesBuildPhase section */

/* Begin PBXVariantGroup section */
		844835EE24EC156F00E4E2A2 /* Main.storyboard */ = {
			isa = PBXVariantGroup;
			children = (
				844835EF24EC156F00E4E2A2 /* Base */,
			);
			name = Main.storyboard;
			sourceTree = "<group>";
		};
		844835F624EC157000E4E2A2 /* LaunchScreen.storyboard */ = {
			isa = PBXVariantGroup;
			children = (
				844835F724EC157000E4E2A2 /* Base */,
			);
			name = LaunchScreen.storyboard;
			sourceTree = "<group>";
		};
/* End PBXVariantGroup section */

/* Begin XCBuildConfiguration section */
		844835FA24EC157000E4E2A2 /* Debug */ = {
			isa = XCBuildConfiguration;
			buildSettings = {
				ALWAYS_SEARCH_USER_PATHS = NO;
				CLANG_ANALYZER_NONNULL = YES;
				CLANG_ANALYZER_NUMBER_OBJECT_CONVERSION = YES_AGGRESSIVE;
				CLANG_CXX_LANGUAGE_STANDARD = "gnu++14";
				CLANG_CXX_LIBRARY = "libc++";
				CLANG_ENABLE_MODULES = YES;
				CLANG_ENABLE_OBJC_ARC = YES;
				CLANG_ENABLE_OBJC_WEAK = YES;
				CLANG_WARN_BLOCK_CAPTURE_AUTORELEASING = YES;
				CLANG_WARN_BOOL_CONVERSION = YES;
				CLANG_WARN_COMMA = YES;
				CLANG_WARN_CONSTANT_CONVERSION = YES;
				CLANG_WARN_DEPRECATED_OBJC_IMPLEMENTATIONS = YES;
				CLANG_WARN_DIRECT_OBJC_ISA_USAGE = YES_ERROR;
				CLANG_WARN_DOCUMENTATION_COMMENTS = YES;
				CLANG_WARN_EMPTY_BODY = YES;
				CLANG_WARN_ENUM_CONVERSION = YES;
				CLANG_WARN_INFINITE_RECURSION = YES;
				CLANG_WARN_INT_CONVERSION = YES;
				CLANG_WARN_NON_LITERAL_NULL_CONVERSION = YES;
				CLANG_WARN_OBJC_IMPLICIT_RETAIN_SELF = YES;
				CLANG_WARN_OBJC_LITERAL_CONVERSION = YES;
				CLANG_WARN_OBJC_ROOT_CLASS = YES_ERROR;
				CLANG_WARN_RANGE_LOOP_ANALYSIS = YES;
				CLANG_WARN_STRICT_PROTOTYPES = YES;
				CLANG_WARN_SUSPICIOUS_MOVE = YES;
				CLANG_WARN_UNGUARDED_AVAILABILITY = YES_AGGRESSIVE;
				CLANG_WARN_UNREACHABLE_CODE = YES;
				CLANG_WARN__DUPLICATE_METHOD_MATCH = YES;
				COPY_PHASE_STRIP = NO;
				DEBUG_INFORMATION_FORMAT = dwarf;
				ENABLE_STRICT_OBJC_MSGSEND = YES;
				ENABLE_TESTABILITY = YES;
				GCC_C_LANGUAGE_STANDARD = gnu11;
				GCC_DYNAMIC_NO_PIC = NO;
				GCC_NO_COMMON_BLOCKS = YES;
				GCC_OPTIMIZATION_LEVEL = 0;
				GCC_PREPROCESSOR_DEFINITIONS = (
					"DEBUG=1",
					"$(inherited)",
				);
				GCC_WARN_64_TO_32_BIT_CONVERSION = YES;
				GCC_WARN_ABOUT_RETURN_TYPE = YES_ERROR;
				GCC_WARN_UNDECLARED_SELECTOR = YES;
				GCC_WARN_UNINITIALIZED_AUTOS = YES_AGGRESSIVE;
				GCC_WARN_UNUSED_FUNCTION = YES;
				GCC_WARN_UNUSED_VARIABLE = YES;
				IPHONEOS_DEPLOYMENT_TARGET = 13.6;
				MTL_ENABLE_DEBUG_INFO = INCLUDE_SOURCE;
				MTL_FAST_MATH = YES;
				ONLY_ACTIVE_ARCH = YES;
				SDKROOT = iphoneos;
				SWIFT_ACTIVE_COMPILATION_CONDITIONS = DEBUG;
				SWIFT_OPTIMIZATION_LEVEL = "-Onone";
			};
			name = Debug;
		};
		844835FB24EC157000E4E2A2 /* Release */ = {
			isa = XCBuildConfiguration;
			buildSettings = {
				ALWAYS_SEARCH_USER_PATHS = NO;
				CLANG_ANALYZER_NONNULL = YES;
				CLANG_ANALYZER_NUMBER_OBJECT_CONVERSION = YES_AGGRESSIVE;
				CLANG_CXX_LANGUAGE_STANDARD = "gnu++14";
				CLANG_CXX_LIBRARY = "libc++";
				CLANG_ENABLE_MODULES = YES;
				CLANG_ENABLE_OBJC_ARC = YES;
				CLANG_ENABLE_OBJC_WEAK = YES;
				CLANG_WARN_BLOCK_CAPTURE_AUTORELEASING = YES;
				CLANG_WARN_BOOL_CONVERSION = YES;
				CLANG_WARN_COMMA = YES;
				CLANG_WARN_CONSTANT_CONVERSION = YES;
				CLANG_WARN_DEPRECATED_OBJC_IMPLEMENTATIONS = YES;
				CLANG_WARN_DIRECT_OBJC_ISA_USAGE = YES_ERROR;
				CLANG_WARN_DOCUMENTATION_COMMENTS = YES;
				CLANG_WARN_EMPTY_BODY = YES;
				CLANG_WARN_ENUM_CONVERSION = YES;
				CLANG_WARN_INFINITE_RECURSION = YES;
				CLANG_WARN_INT_CONVERSION = YES;
				CLANG_WARN_NON_LITERAL_NULL_CONVERSION = YES;
				CLANG_WARN_OBJC_IMPLICIT_RETAIN_SELF = YES;
				CLANG_WARN_OBJC_LITERAL_CONVERSION = YES;
				CLANG_WARN_OBJC_ROOT_CLASS = YES_ERROR;
				CLANG_WARN_RANGE_LOOP_ANALYSIS = YES;
				CLANG_WARN_STRICT_PROTOTYPES = YES;
				CLANG_WARN_SUSPICIOUS_MOVE = YES;
				CLANG_WARN_UNGUARDED_AVAILABILITY = YES_AGGRESSIVE;
				CLANG_WARN_UNREACHABLE_CODE = YES;
				CLANG_WARN__DUPLICATE_METHOD_MATCH = YES;
				COPY_PHASE_STRIP = NO;
				DEBUG_INFORMATION_FORMAT = "dwarf-with-dsym";
				ENABLE_NS_ASSERTIONS = NO;
				ENABLE_STRICT_OBJC_MSGSEND = YES;
				GCC_C_LANGUAGE_STANDARD = gnu11;
				GCC_NO_COMMON_BLOCKS = YES;
				GCC_WARN_64_TO_32_BIT_CONVERSION = YES;
				GCC_WARN_ABOUT_RETURN_TYPE = YES_ERROR;
				GCC_WARN_UNDECLARED_SELECTOR = YES;
				GCC_WARN_UNINITIALIZED_AUTOS = YES_AGGRESSIVE;
				GCC_WARN_UNUSED_FUNCTION = YES;
				GCC_WARN_UNUSED_VARIABLE = YES;
				IPHONEOS_DEPLOYMENT_TARGET = 13.6;
				MTL_ENABLE_DEBUG_INFO = NO;
				MTL_FAST_MATH = YES;
				SDKROOT = iphoneos;
				SWIFT_COMPILATION_MODE = wholemodule;
				SWIFT_OPTIMIZATION_LEVEL = "-O";
				VALIDATE_PRODUCT = YES;
			};
			name = Release;
		};
		844835FD24EC157000E4E2A2 /* Debug */ = {
			isa = XCBuildConfiguration;
			buildSettings = {
				ASSETCATALOG_COMPILER_APPICON_NAME = AppIcon;
				CODE_SIGN_STYLE = Automatic;
				DEVELOPMENT_TEAM = JX58TZDTX7;
				INFOPLIST_FILE = "Core Data Persistence/Info.plist";
				LD_RUNPATH_SEARCH_PATHS = (
					"$(inherited)",
					"@executable_path/Frameworks",
				);
				PRODUCT_BUNDLE_IDENTIFIER = "ru.IBS.Core-Data-Persistence";
				PRODUCT_NAME = "$(TARGET_NAME)";
				SWIFT_VERSION = 5.0;
				TARGETED_DEVICE_FAMILY = "1,2";
			};
			name = Debug;
		};
		844835FE24EC157000E4E2A2 /* Release */ = {
			isa = XCBuildConfiguration;
			buildSettings = {
				ASSETCATALOG_COMPILER_APPICON_NAME = AppIcon;
				CODE_SIGN_STYLE = Automatic;
				DEVELOPMENT_TEAM = JX58TZDTX7;
				INFOPLIST_FILE = "Core Data Persistence/Info.plist";
				LD_RUNPATH_SEARCH_PATHS = (
					"$(inherited)",
					"@executable_path/Frameworks",
				);
				PRODUCT_BUNDLE_IDENTIFIER = "ru.IBS.Core-Data-Persistence";
				PRODUCT_NAME = "$(TARGET_NAME)";
				SWIFT_VERSION = 5.0;
				TARGETED_DEVICE_FAMILY = "1,2";
			};
			name = Release;
		};
/* End XCBuildConfiguration section */

/* Begin XCConfigurationList section */
		844835E024EC156F00E4E2A2 /* Build configuration list for PBXProject "Core Data Persistence" */ = {
			isa = XCConfigurationList;
			buildConfigurations = (
				844835FA24EC157000E4E2A2 /* Debug */,
				844835FB24EC157000E4E2A2 /* Release */,
			);
			defaultConfigurationIsVisible = 0;
			defaultConfigurationName = Release;
		};
		844835FC24EC157000E4E2A2 /* Build configuration list for PBXNativeTarget "Core Data Persistence" */ = {
			isa = XCConfigurationList;
			buildConfigurations = (
				844835FD24EC157000E4E2A2 /* Debug */,
				844835FE24EC157000E4E2A2 /* Release */,
			);
			defaultConfigurationIsVisible = 0;
			defaultConfigurationName = Release;
		};
/* End XCConfigurationList section */

/* Begin XCVersionGroup section */
		844835F124EC156F00E4E2A2 /* Core_Data_Persistence.xcdatamodeld */ = {
			isa = XCVersionGroup;
			children = (
				844835F224EC156F00E4E2A2 /* Core_Data_Persistence.xcdatamodel */,
			);
			currentVersion = 844835F224EC156F00E4E2A2 /* Core_Data_Persistence.xcdatamodel */;
			path = Core_Data_Persistence.xcdatamodeld;
			sourceTree = "<group>";
			versionGroupType = wrapper.xcdatamodel;
		};
/* End XCVersionGroup section */
	};
	rootObject = 844835DD24EC156F00E4E2A2 /* Project object */;
}
